
Microsoft Visual Studio Solution File, Format Version 12.00
# Visual Studio Version 17
VisualStudioVersion = 17.13.35913.81 d17.13
MinimumVisualStudioVersion = 10.0.40219.1
Project("{FAE04EC0-301F-11D3-BF4B-00C04F79EFBC}") = "MVC_2_0", "MVC_2_0\MVC_2_0.csproj", "{E5CB0E0D-3C9A-4673-AAA3-CE0FEA458AB6}"
EndProject
Global
	GlobalSection(SolutionConfigurationPlatforms) = preSolution
		Debug|Any CPU = Debug|Any CPU
		Release|Any CPU = Release|Any CPU
	EndGlobalSection
	GlobalSection(ProjectConfigurationPlatforms) = postSolution
		{E5CB0E0D-3C9A-4673-AAA3-CE0FEA458AB6}.Debug|Any CPU.ActiveCfg = Debug|Any CPU
		{E5CB0E0D-3C9A-4673-AAA3-CE0FEA458AB6}.Debug|Any CPU.Build.0 = Debug|Any CPU
		{E5CB0E0D-3C9A-4673-AAA3-CE0FEA458AB6}.Release|Any CPU.ActiveCfg = Release|Any CPU
		{E5CB0E0D-3C9A-4673-AAA3-CE0FEA458AB6}.Release|Any CPU.Build.0 = Release|Any CPU
	EndGlobalSection
	GlobalSection(SolutionProperties) = preSolution
		HideSolutionNode = FALSE
	EndGlobalSection
	GlobalSection(ExtensibilityGlobals) = postSolution
		SolutionGuid = {2A9F4DD8-A8AC-4BCB-9459-4CCED25F9243}
	EndGlobalSection
EndGlobal
